<?xml version="1.0" encoding="utf-8"?>
<Project ToolsVersion="4.0" xmlns="http://schemas.microsoft.com/developer/msbuild/2003">
  <ItemGroup>
    <Filter Include="Source Files">
      <UniqueIdentifier>{4FC737F1-C7A5-4376-A066-2A32D752A2FF}</UniqueIdentifier>
      <Extensions>cpp;c;cc;cxx;c++;cppm;ixx;def;odl;idl;hpj;bat;asm;asmx</Extensions>
    </Filter>
    <Filter Include="Header Files">
      <UniqueIdentifier>{93995380-89BD-4b04-88EB-625FBE52EBFB}</UniqueIdentifier>
      <Extensions>h;hh;hpp;hxx;h++;hm;inl;inc;ipp;xsd</Extensions>
    </Filter>
    <Filter Include="Resource Files">
      <UniqueIdentifier>{67DA6AB6-F800-4c08-8B7A-83BB121AAD01}</UniqueIdentifier>
      <Extensions>rc;ico;cur;bmp;dlg;rc2;rct;bin;rgs;gif;jpg;jpeg;jpe;resx;tiff;tif;png;wav;mfcribbon-ms</Extensions>
    </Filter>
    <Filter Include="Header Files\Core">
      <UniqueIdentifier>{d2ebaff1-6307-4fe9-bc20-0855dbadf36f}</UniqueIdentifier>
    </Filter>
    <Filter Include="Header Files\Lip">
      <UniqueIdentifier>{5ce77c9d-0671-43bf-94e5-99ebe3575415}</UniqueIdentifier>
    </Filter>
    <Filter Include="Header Files\Screens">
      <UniqueIdentifier>{61cc9fcc-b241-4a03-b2d7-52b5e41b9a64}</UniqueIdentifier>
    </Filter>
    <Filter Include="Header Files\Screens\User">
      <UniqueIdentifier>{100d927f-afb6-4b72-b8e2-67e726533f9e}</UniqueIdentifier>
    </Filter>
    <Filter Include="Header Files\Screens\BanckClient">
      <UniqueIdentifier>{cb21fe5b-5039-43df-9003-881b06d4ef3a}</UniqueIdentifier>
    </Filter>
    <Filter Include="Header Files\Screens\Currency">
      <UniqueIdentifier>{30b6af93-4265-42dc-89ba-84b8b5788fba}</UniqueIdentifier>
    </Filter>
  </ItemGroup>
  <ItemGroup>
    <ClCompile Include="BankSystem.cpp">
      <Filter>Source Files</Filter>
    </ClCompile>
  </ItemGroup>
  <ItemGroup>
    <ClInclude Include="Global.h">
      <Filter>Header Files</Filter>
    </ClInclude>
    <ClInclude Include="clsPerson.h">
      <Filter>Header Files\Core</Filter>
    </ClInclude>
    <ClInclude Include="clsUser.h">
      <Filter>Header Files\Core</Filter>
    </ClInclude>
    <ClInclude Include="clsCurrency.h">
      <Filter>Header Files\Core</Filter>
    </ClInclude>
    <ClInclude Include="clsBankClient.h">
      <Filter>Header Files\Core</Filter>
    </ClInclude>
    <ClInclude Include="clsDate.h">
      <Filter>Header Files\Lip</Filter>
    </ClInclude>
    <ClInclude Include="..\..\StringLibrary\StringLibrary\clsString.h">
      <Filter>Header Files\Lip</Filter>
    </ClInclude>
    <ClInclude Include="clsUtility.h">
      <Filter>Header Files\Lip</Filter>
    </ClInclude>
    <ClInclude Include="..\..\..\OOP\OOP\clsInputValidation.h">
      <Filter>Header Files\Lip</Filter>
    </ClInclude>
    <ClInclude Include="clsAddNewUserScreen.h">
      <Filter>Header Files\Screens\User</Filter>
    </ClInclude>
    <ClInclude Include="clsDeleteUserScreen.h">
      <Filter>Header Files\Screens\User</Filter>
    </ClInclude>
    <ClInclude Include="clsFindUserScreen.h">
      <Filter>Header Files\Screens\User</Filter>
    </ClInclude>
    <ClInclude Include="clsManageUsersScreen.h">
      <Filter>Header Files\Screens\User</Filter>
    </ClInclude>
    <ClInclude Include="clsUpdateUserScreen.h">
      <Filter>Header Files\Screens\User</Filter>
    </ClInclude>
    <ClInclude Include="clsUsersListScreen.h">
      <Filter>Header Files\Screens\User</Filter>
    </ClInclude>
    <ClInclude Include="clsUpdetClientScreen.h">
      <Filter>Header Files\Screens\BanckClient</Filter>
    </ClInclude>
    <ClInclude Include="clsFindClientScreen.h">
      <Filter>Header Files\Screens\BanckClient</Filter>
    </ClInclude>
    <ClInclude Include="clsDeleteClientScreen.h">
      <Filter>Header Files\Screens\BanckClient</Filter>
    </ClInclude>
    <ClInclude Include="clsClientListScreen.h">
      <Filter>Header Files\Screens\BanckClient</Filter>
    </ClInclude>
    <ClInclude Include="clsAddNewClientScreen.h">
      <Filter>Header Files\Screens\BanckClient</Filter>
    </ClInclude>
    <ClInclude Include="clsDepositScreen.h">
      <Filter>Header Files\Screens\BanckClient</Filter>
    </ClInclude>
    <ClInclude Include="clsTotalBalancesScreen.h">
      <Filter>Header Files\Screens\BanckClient</Filter>
    </ClInclude>
    <ClInclude Include="clsTransactionsScreen.h">
      <Filter>Header Files\Screens\BanckClient</Filter>
    </ClInclude>
    <ClInclude Include="clsTransferLogins.h">
      <Filter>Header Files\Screens\BanckClient</Filter>
    </ClInclude>
    <ClInclude Include="clsTransferLoginsScreen.h">
      <Filter>Header Files\Screens\BanckClient</Filter>
    </ClInclude>
    <ClInclude Include="clsTransferScreen.h">
      <Filter>Header Files\Screens\BanckClient</Filter>
    </ClInclude>
    <ClInclude Include="clsWithdrawScreen.h">
      <Filter>Header Files\Screens\BanckClient</Filter>
    </ClInclude>
    <ClInclude Include="clsCurrencyExchangeScreen.h">
      <Filter>Header Files\Screens\Currency</Filter>
    </ClInclude>
    <ClInclude Include="clsCurrencyListScreen.h">
      <Filter>Header Files\Screens\Currency</Filter>
    </ClInclude>
    <ClInclude Include="clsCurrencyScreen.h">
      <Filter>Header Files\Screens\Currency</Filter>
    </ClInclude>
    <ClInclude Include="clsFindCurrency.h">
      <Filter>Header Files\Screens\Currency</Filter>
    </ClInclude>
    <ClInclude Include="clsUpdateCurrencyRate.h">
      <Filter>Header Files\Screens\Currency</Filter>
    </ClInclude>
    <ClInclude Include="clsLoginRegister.h">
      <Filter>Header Files\Screens\User</Filter>
    </ClInclude>
    <ClInclude Include="clsLoginRegisterScreen.h">
      <Filter>Header Files\Screens\User</Filter>
    </ClInclude>
    <ClInclude Include="clsLoginScreen.h">
      <Filter>Header Files\Screens\User</Filter>
    </ClInclude>
    <ClInclude Include="clsScreen.h">
      <Filter>Header Files\Screens\User</Filter>
    </ClInclude>
    <ClInclude Include="clsMainScreen.h">
      <Filter>Header Files\Screens\User</Filter>
    </ClInclude>
  </ItemGroup>
</Project>